
Microsoft Visual Studio Solution File, Format Version 12.00
# Visual Studio 15
VisualStudioVersion = 15.0.27004.2009
MinimumVisualStudioVersion = 10.0.40219.1
Project("{2150E333-8FDC-42A3-9474-1A3956D46DE8}") = "API", "API", "{B28F7EDF-598D-45B3-8133-99D6BC2675BF}"
EndProject
Project("{2150E333-8FDC-42A3-9474-1A3956D46DE8}") = "WEB", "WEB", "{2E6676EE-46BD-4351-8F92-E4A6C2A5959F}"
EndProject
Project("{2150E333-8FDC-42A3-9474-1A3956D46DE8}") = "DAL", "DAL", "{5A4FE474-751E-402B-B28F-2C9A582990AE}"
EndProject
Project("{2150E333-8FDC-42A3-9474-1A3956D46DE8}") = "BLL", "BLL", "{384BF2D8-D2A0-44D3-BFC4-934F7580FDD9}"
EndProject
Project("{9A19103F-16F7-4668-BE54-9A1E7A4F7556}") = "RAPS.SMS.DLL", "RAPS.SMS.DLL\RAPS.SMS.DLL.csproj", "{DDCF2E45-2661-4CA4-B64C-F4DFFFA01B79}"
EndProject
Project("{9A19103F-16F7-4668-BE54-9A1E7A4F7556}") = "PSB.API", "PSB.API\PSB.API.csproj", "{17054697-9EB7-4988-BE60-C3DF9297A301}"
EndProject
Project("{9A19103F-16F7-4668-BE54-9A1E7A4F7556}") = "RAPS.SMS.BLL", "RAPS.SMS.BLL\RAPS.SMS.BLL.csproj", "{5D1A2E4C-6CB0-4F70-A46A-4812F57B1F25}"
EndProject
Project("{2150E333-8FDC-42A3-9474-1A3956D46DE8}") = "IdentityServer", "IdentityServer", "{E08B5587-8F27-44CC-B55D-E3E9C164023A}"
EndProject
Project("{FAE04EC0-301F-11D3-BF4B-00C04F79EFBC}") = "IdentityServerFinal", "IdentityServerFinal\IdentityServerFinal.csproj", "{7087A8DB-96E3-4720-9367-7BF2BDB91A76}"
EndProject
Global
	GlobalSection(SolutionConfigurationPlatforms) = preSolution
		Debug|Any CPU = Debug|Any CPU
		Release|Any CPU = Release|Any CPU
	EndGlobalSection
	GlobalSection(ProjectConfigurationPlatforms) = postSolution
		{DDCF2E45-2661-4CA4-B64C-F4DFFFA01B79}.Debug|Any CPU.ActiveCfg = Debug|Any CPU
		{DDCF2E45-2661-4CA4-B64C-F4DFFFA01B79}.Debug|Any CPU.Build.0 = Debug|Any CPU
		{DDCF2E45-2661-4CA4-B64C-F4DFFFA01B79}.Release|Any CPU.ActiveCfg = Release|Any CPU
		{DDCF2E45-2661-4CA4-B64C-F4DFFFA01B79}.Release|Any CPU.Build.0 = Release|Any CPU
		{17054697-9EB7-4988-BE60-C3DF9297A301}.Debug|Any CPU.ActiveCfg = Debug|Any CPU
		{17054697-9EB7-4988-BE60-C3DF9297A301}.Debug|Any CPU.Build.0 = Debug|Any CPU
		{17054697-9EB7-4988-BE60-C3DF9297A301}.Release|Any CPU.ActiveCfg = Release|Any CPU
		{17054697-9EB7-4988-BE60-C3DF9297A301}.Release|Any CPU.Build.0 = Release|Any CPU
		{5D1A2E4C-6CB0-4F70-A46A-4812F57B1F25}.Debug|Any CPU.ActiveCfg = Debug|Any CPU
		{5D1A2E4C-6CB0-4F70-A46A-4812F57B1F25}.Debug|Any CPU.Build.0 = Debug|Any CPU
		{5D1A2E4C-6CB0-4F70-A46A-4812F57B1F25}.Release|Any CPU.ActiveCfg = Release|Any CPU
		{5D1A2E4C-6CB0-4F70-A46A-4812F57B1F25}.Release|Any CPU.Build.0 = Release|Any CPU
		{7087A8DB-96E3-4720-9367-7BF2BDB91A76}.Debug|Any CPU.ActiveCfg = Debug|Any CPU
		{7087A8DB-96E3-4720-9367-7BF2BDB91A76}.Debug|Any CPU.Build.0 = Debug|Any CPU
		{7087A8DB-96E3-4720-9367-7BF2BDB91A76}.Release|Any CPU.ActiveCfg = Release|Any CPU
		{7087A8DB-96E3-4720-9367-7BF2BDB91A76}.Release|Any CPU.Build.0 = Release|Any CPU
	EndGlobalSection
	GlobalSection(SolutionProperties) = preSolution
		HideSolutionNode = FALSE
	EndGlobalSection
	GlobalSection(NestedProjects) = preSolution
		{DDCF2E45-2661-4CA4-B64C-F4DFFFA01B79} = {5A4FE474-751E-402B-B28F-2C9A582990AE}
		{17054697-9EB7-4988-BE60-C3DF9297A301} = {B28F7EDF-598D-45B3-8133-99D6BC2675BF}
		{5D1A2E4C-6CB0-4F70-A46A-4812F57B1F25} = {384BF2D8-D2A0-44D3-BFC4-934F7580FDD9}
		{7087A8DB-96E3-4720-9367-7BF2BDB91A76} = {E08B5587-8F27-44CC-B55D-E3E9C164023A}
	EndGlobalSection
	GlobalSection(ExtensibilityGlobals) = postSolution
		SolutionGuid = {EEE7AC3A-E79B-4753-8861-CAA6EB0E855C}
	EndGlobalSection
EndGlobal
